
Microsoft Visual Studio Solution File, Format Version 12.00
# Visual Studio Version 17
VisualStudioVersion = 17.10.35122.118
MinimumVisualStudioVersion = 10.0.40219.1
Project("{9A19103F-16F7-4668-BE54-9A1E7A4F7556}") = "EFCoreProject", "EFCoreProject\EFCoreProject.csproj", "{7DAC82CC-398D-4139-971E-207786765DDD}"
EndProject
Global
	GlobalSection(SolutionConfigurationPlatforms) = preSolution
		Debug|Any CPU = Debug|Any CPU
		Release|Any CPU = Release|Any CPU
	EndGlobalSection
	GlobalSection(ProjectConfigurationPlatforms) = postSolution
		{7DAC82CC-398D-4139-971E-207786765DDD}.Debug|Any CPU.ActiveCfg = Debug|Any CPU
		{7DAC82CC-398D-4139-971E-207786765DDD}.Debug|Any CPU.Build.0 = Debug|Any CPU
		{7DAC82CC-398D-4139-971E-207786765DDD}.Release|Any CPU.ActiveCfg = Release|Any CPU
		{7DAC82CC-398D-4139-971E-207786765DDD}.Release|Any CPU.Build.0 = Release|Any CPU
	EndGlobalSection
	GlobalSection(SolutionProperties) = preSolution
		HideSolutionNode = FALSE
	EndGlobalSection
	GlobalSection(ExtensibilityGlobals) = postSolution
		SolutionGuid = {8CFFB2FB-6E34-404E-B353-DDE566AE1273}
	EndGlobalSection
EndGlobal
