
Microsoft Visual Studio Solution File, Format Version 12.00
# Visual Studio Version 17
VisualStudioVersion = 17.10.35122.118
MinimumVisualStudioVersion = 10.0.40219.1
Project("{FAE04EC0-301F-11D3-BF4B-00C04F79EFBC}") = "EFCoreProject", "EFCoreProject.csproj", "{7ED014ED-76BA-41AE-B120-2F34181CCB72}"
EndProject
Global
	GlobalSection(SolutionConfigurationPlatforms) = preSolution
		Debug|Any CPU = Debug|Any CPU
		Release|Any CPU = Release|Any CPU
	EndGlobalSection
	GlobalSection(ProjectConfigurationPlatforms) = postSolution
		{7ED014ED-76BA-41AE-B120-2F34181CCB72}.Debug|Any CPU.ActiveCfg = Debug|Any CPU
		{7ED014ED-76BA-41AE-B120-2F34181CCB72}.Debug|Any CPU.Build.0 = Debug|Any CPU
		{7ED014ED-76BA-41AE-B120-2F34181CCB72}.Release|Any CPU.ActiveCfg = Release|Any CPU
		{7ED014ED-76BA-41AE-B120-2F34181CCB72}.Release|Any CPU.Build.0 = Release|Any CPU
	EndGlobalSection
	GlobalSection(SolutionProperties) = preSolution
		HideSolutionNode = FALSE
	EndGlobalSection
	GlobalSection(ExtensibilityGlobals) = postSolution
		SolutionGuid = {8CFFB2FB-6E34-404E-B353-DDE566AE1273}
	EndGlobalSection
EndGlobal
